
Microsoft Visual Studio Solution File, Format Version 12.00
# Visual Studio Version 17
VisualStudioVersion = 17.11.35222.181
MinimumVisualStudioVersion = 10.0.40219.1
Project("{2150E333-8FDC-42A3-9474-1A3956D46DE8}") = "Services", "Services", "{381B3FB0-493C-4D1D-ACBB-49BBDFB3DA08}"
EndProject
Project("{2150E333-8FDC-42A3-9474-1A3956D46DE8}") = "Auth", "Auth", "{8FBDB61D-B0DC-42A8-B621-34EE260D7228}"
EndProject
Project("{9A19103F-16F7-4668-BE54-9A1E7A4F7556}") = "KPI.Auth.Domain", "Services\Auth\KPI.Auth.Domain\KPI.Auth.Domain.csproj", "{57AB57F6-34CE-4F95-8D89-29BDC9C84CDC}"
EndProject
Project("{9A19103F-16F7-4668-BE54-9A1E7A4F7556}") = "KPI.Auth.ApplicationService", "Services\Auth\KPI.Auth.ApplicationService\KPI.Auth.ApplicationService.csproj", "{27CC5B56-63D7-4D2F-AE4C-917A1DFBEF65}"
EndProject
Project("{9A19103F-16F7-4668-BE54-9A1E7A4F7556}") = "KPI.Auth.Infrastructure", "Services\Auth\KPI.Auth.Infrastructure\KPI.Auth.Infrastructure.csproj", "{4AF6FEE5-3335-4102-B6FB-A9B26896DABF}"
EndProject
Project("{2150E333-8FDC-42A3-9474-1A3956D46DE8}") = "KPI", "KPI", "{526A7124-321B-4071-A10E-D926A837B364}"
EndProject
Project("{9A19103F-16F7-4668-BE54-9A1E7A4F7556}") = "KPI.Domain", "Services\KPI\KPI.Domain\KPI.Domain.csproj", "{81280EA7-F7BE-402F-A0C4-49B3A72CE75E}"
EndProject
Project("{9A19103F-16F7-4668-BE54-9A1E7A4F7556}") = "KPI.ApplicationService", "Services\KPI\KPI.ApplicationService\KPI.ApplicationService.csproj", "{74208DB3-DA92-45D9-AE44-6E4E18B2922A}"
EndProject
Project("{9A19103F-16F7-4668-BE54-9A1E7A4F7556}") = "KPI.Infrastructure", "Services\KPI\KPI.Infrastructure\KPI.Infrastructure.csproj", "{0DA16C50-74EE-4E64-BF7B-89C67030D31E}"
EndProject
Project("{2150E333-8FDC-42A3-9474-1A3956D46DE8}") = "Shared", "Shared", "{57A7A13E-0D86-4963-9410-FF0CC822A6EA}"
EndProject
Project("{9A19103F-16F7-4668-BE54-9A1E7A4F7556}") = "KPI.Shared.ApplicationService", "Shared\KPI.Shared.ApplicationService\KPI.Shared.ApplicationService.csproj", "{5CBDA694-322B-4B44-B86F-9DEE581B5256}"
EndProject
Project("{9A19103F-16F7-4668-BE54-9A1E7A4F7556}") = "KPI.Shared.Constant", "Shared\KPI.Shared.Constant\KPI.Shared.Constant.csproj", "{F27DE26C-9F89-4FA1-8071-A6F21A91660F}"
EndProject
Project("{9A19103F-16F7-4668-BE54-9A1E7A4F7556}") = "KPI.Shared.UserRolePermission", "Shared\KPI.Shared.Domain\KPI.Shared.UserRolePermission.csproj", "{F3A08FDC-194A-46B8-B0E2-9D901EF40455}"
EndProject
Project("{9A19103F-16F7-4668-BE54-9A1E7A4F7556}") = "KPI.Auth.API", "Services\Auth\KPI.Auth.API\KPI.Auth.API.csproj", "{4D57A5CC-CEA1-45BD-8A8C-AB9E0A370EEE}"
EndProject
Project("{9A19103F-16F7-4668-BE54-9A1E7A4F7556}") = "KPI.Auth.Dtos", "Services\Auth\KPI.Auth.Dtos\KPI.Auth.Dtos.csproj", "{20678CAF-9783-4226-A531-65B17D7C3E56}"
EndProject
Project("{FAE04EC0-301F-11D3-BF4B-00C04F79EFBC}") = "KPI.API", "Services\KPI\KPI.API\KPI.API.csproj", "{3A314CAD-992F-4B27-AD1F-9020305C020F}"
EndProject
Global
	GlobalSection(SolutionConfigurationPlatforms) = preSolution
		Debug|Any CPU = Debug|Any CPU
		Release|Any CPU = Release|Any CPU
	EndGlobalSection
	GlobalSection(ProjectConfigurationPlatforms) = postSolution
		{57AB57F6-34CE-4F95-8D89-29BDC9C84CDC}.Debug|Any CPU.ActiveCfg = Debug|Any CPU
		{57AB57F6-34CE-4F95-8D89-29BDC9C84CDC}.Debug|Any CPU.Build.0 = Debug|Any CPU
		{57AB57F6-34CE-4F95-8D89-29BDC9C84CDC}.Release|Any CPU.ActiveCfg = Release|Any CPU
		{57AB57F6-34CE-4F95-8D89-29BDC9C84CDC}.Release|Any CPU.Build.0 = Release|Any CPU
		{27CC5B56-63D7-4D2F-AE4C-917A1DFBEF65}.Debug|Any CPU.ActiveCfg = Debug|Any CPU
		{27CC5B56-63D7-4D2F-AE4C-917A1DFBEF65}.Debug|Any CPU.Build.0 = Debug|Any CPU
		{27CC5B56-63D7-4D2F-AE4C-917A1DFBEF65}.Release|Any CPU.ActiveCfg = Release|Any CPU
		{27CC5B56-63D7-4D2F-AE4C-917A1DFBEF65}.Release|Any CPU.Build.0 = Release|Any CPU
		{4AF6FEE5-3335-4102-B6FB-A9B26896DABF}.Debug|Any CPU.ActiveCfg = Debug|Any CPU
		{4AF6FEE5-3335-4102-B6FB-A9B26896DABF}.Debug|Any CPU.Build.0 = Debug|Any CPU
		{4AF6FEE5-3335-4102-B6FB-A9B26896DABF}.Release|Any CPU.ActiveCfg = Release|Any CPU
		{4AF6FEE5-3335-4102-B6FB-A9B26896DABF}.Release|Any CPU.Build.0 = Release|Any CPU
		{81280EA7-F7BE-402F-A0C4-49B3A72CE75E}.Debug|Any CPU.ActiveCfg = Debug|Any CPU
		{81280EA7-F7BE-402F-A0C4-49B3A72CE75E}.Debug|Any CPU.Build.0 = Debug|Any CPU
		{81280EA7-F7BE-402F-A0C4-49B3A72CE75E}.Release|Any CPU.ActiveCfg = Release|Any CPU
		{81280EA7-F7BE-402F-A0C4-49B3A72CE75E}.Release|Any CPU.Build.0 = Release|Any CPU
		{74208DB3-DA92-45D9-AE44-6E4E18B2922A}.Debug|Any CPU.ActiveCfg = Debug|Any CPU
		{74208DB3-DA92-45D9-AE44-6E4E18B2922A}.Debug|Any CPU.Build.0 = Debug|Any CPU
		{74208DB3-DA92-45D9-AE44-6E4E18B2922A}.Release|Any CPU.ActiveCfg = Release|Any CPU
		{74208DB3-DA92-45D9-AE44-6E4E18B2922A}.Release|Any CPU.Build.0 = Release|Any CPU
		{0DA16C50-74EE-4E64-BF7B-89C67030D31E}.Debug|Any CPU.ActiveCfg = Debug|Any CPU
		{0DA16C50-74EE-4E64-BF7B-89C67030D31E}.Debug|Any CPU.Build.0 = Debug|Any CPU
		{0DA16C50-74EE-4E64-BF7B-89C67030D31E}.Release|Any CPU.ActiveCfg = Release|Any CPU
		{0DA16C50-74EE-4E64-BF7B-89C67030D31E}.Release|Any CPU.Build.0 = Release|Any CPU
		{5CBDA694-322B-4B44-B86F-9DEE581B5256}.Debug|Any CPU.ActiveCfg = Debug|Any CPU
		{5CBDA694-322B-4B44-B86F-9DEE581B5256}.Debug|Any CPU.Build.0 = Debug|Any CPU
		{5CBDA694-322B-4B44-B86F-9DEE581B5256}.Release|Any CPU.ActiveCfg = Release|Any CPU
		{5CBDA694-322B-4B44-B86F-9DEE581B5256}.Release|Any CPU.Build.0 = Release|Any CPU
		{F27DE26C-9F89-4FA1-8071-A6F21A91660F}.Debug|Any CPU.ActiveCfg = Debug|Any CPU
		{F27DE26C-9F89-4FA1-8071-A6F21A91660F}.Debug|Any CPU.Build.0 = Debug|Any CPU
		{F27DE26C-9F89-4FA1-8071-A6F21A91660F}.Release|Any CPU.ActiveCfg = Release|Any CPU
		{F27DE26C-9F89-4FA1-8071-A6F21A91660F}.Release|Any CPU.Build.0 = Release|Any CPU
		{F3A08FDC-194A-46B8-B0E2-9D901EF40455}.Debug|Any CPU.ActiveCfg = Debug|Any CPU
		{F3A08FDC-194A-46B8-B0E2-9D901EF40455}.Debug|Any CPU.Build.0 = Debug|Any CPU
		{F3A08FDC-194A-46B8-B0E2-9D901EF40455}.Release|Any CPU.ActiveCfg = Release|Any CPU
		{F3A08FDC-194A-46B8-B0E2-9D901EF40455}.Release|Any CPU.Build.0 = Release|Any CPU
		{4D57A5CC-CEA1-45BD-8A8C-AB9E0A370EEE}.Debug|Any CPU.ActiveCfg = Debug|Any CPU
		{4D57A5CC-CEA1-45BD-8A8C-AB9E0A370EEE}.Debug|Any CPU.Build.0 = Debug|Any CPU
		{4D57A5CC-CEA1-45BD-8A8C-AB9E0A370EEE}.Release|Any CPU.ActiveCfg = Release|Any CPU
		{4D57A5CC-CEA1-45BD-8A8C-AB9E0A370EEE}.Release|Any CPU.Build.0 = Release|Any CPU
		{20678CAF-9783-4226-A531-65B17D7C3E56}.Debug|Any CPU.ActiveCfg = Debug|Any CPU
		{20678CAF-9783-4226-A531-65B17D7C3E56}.Debug|Any CPU.Build.0 = Debug|Any CPU
		{20678CAF-9783-4226-A531-65B17D7C3E56}.Release|Any CPU.ActiveCfg = Release|Any CPU
		{20678CAF-9783-4226-A531-65B17D7C3E56}.Release|Any CPU.Build.0 = Release|Any CPU
		{3A314CAD-992F-4B27-AD1F-9020305C020F}.Debug|Any CPU.ActiveCfg = Debug|Any CPU
		{3A314CAD-992F-4B27-AD1F-9020305C020F}.Debug|Any CPU.Build.0 = Debug|Any CPU
		{3A314CAD-992F-4B27-AD1F-9020305C020F}.Release|Any CPU.ActiveCfg = Release|Any CPU
		{3A314CAD-992F-4B27-AD1F-9020305C020F}.Release|Any CPU.Build.0 = Release|Any CPU
	EndGlobalSection
	GlobalSection(SolutionProperties) = preSolution
		HideSolutionNode = FALSE
	EndGlobalSection
	GlobalSection(NestedProjects) = preSolution
		{8FBDB61D-B0DC-42A8-B621-34EE260D7228} = {381B3FB0-493C-4D1D-ACBB-49BBDFB3DA08}
		{57AB57F6-34CE-4F95-8D89-29BDC9C84CDC} = {8FBDB61D-B0DC-42A8-B621-34EE260D7228}
		{27CC5B56-63D7-4D2F-AE4C-917A1DFBEF65} = {8FBDB61D-B0DC-42A8-B621-34EE260D7228}
		{4AF6FEE5-3335-4102-B6FB-A9B26896DABF} = {8FBDB61D-B0DC-42A8-B621-34EE260D7228}
		{526A7124-321B-4071-A10E-D926A837B364} = {381B3FB0-493C-4D1D-ACBB-49BBDFB3DA08}
		{81280EA7-F7BE-402F-A0C4-49B3A72CE75E} = {526A7124-321B-4071-A10E-D926A837B364}
		{74208DB3-DA92-45D9-AE44-6E4E18B2922A} = {526A7124-321B-4071-A10E-D926A837B364}
		{0DA16C50-74EE-4E64-BF7B-89C67030D31E} = {526A7124-321B-4071-A10E-D926A837B364}
		{57A7A13E-0D86-4963-9410-FF0CC822A6EA} = {381B3FB0-493C-4D1D-ACBB-49BBDFB3DA08}
		{5CBDA694-322B-4B44-B86F-9DEE581B5256} = {57A7A13E-0D86-4963-9410-FF0CC822A6EA}
		{F27DE26C-9F89-4FA1-8071-A6F21A91660F} = {57A7A13E-0D86-4963-9410-FF0CC822A6EA}
		{F3A08FDC-194A-46B8-B0E2-9D901EF40455} = {57A7A13E-0D86-4963-9410-FF0CC822A6EA}
		{4D57A5CC-CEA1-45BD-8A8C-AB9E0A370EEE} = {8FBDB61D-B0DC-42A8-B621-34EE260D7228}
		{20678CAF-9783-4226-A531-65B17D7C3E56} = {8FBDB61D-B0DC-42A8-B621-34EE260D7228}
		{3A314CAD-992F-4B27-AD1F-9020305C020F} = {526A7124-321B-4071-A10E-D926A837B364}
	EndGlobalSection
	GlobalSection(ExtensibilityGlobals) = postSolution
		SolutionGuid = {18D059A2-C0B2-4980-95C6-77EF7CC584C2}
	EndGlobalSection
EndGlobal
